
Microsoft Visual Studio Solution File, Format Version 12.00
# Visual Studio Version 17
VisualStudioVersion = 17.12.35707.178 d17.12
MinimumVisualStudioVersion = 10.0.40219.1
Project("{FAE04EC0-301F-11D3-BF4B-00C04F79EFBC}") = "NZWalks.API", "NZWalks.API\NZWalks.API.csproj", "{EAF1C7CA-7BE3-4729-9CCD-BAF1DE92CAFA}"
EndProject
Global
	GlobalSection(SolutionConfigurationPlatforms) = preSolution
		Debug|Any CPU = Debug|Any CPU
		Release|Any CPU = Release|Any CPU
	EndGlobalSection
	GlobalSection(ProjectConfigurationPlatforms) = postSolution
		{EAF1C7CA-7BE3-4729-9CCD-BAF1DE92CAFA}.Debug|Any CPU.ActiveCfg = Debug|Any CPU
		{EAF1C7CA-7BE3-4729-9CCD-BAF1DE92CAFA}.Debug|Any CPU.Build.0 = Debug|Any CPU
		{EAF1C7CA-7BE3-4729-9CCD-BAF1DE92CAFA}.Release|Any CPU.ActiveCfg = Release|Any CPU
		{EAF1C7CA-7BE3-4729-9CCD-BAF1DE92CAFA}.Release|Any CPU.Build.0 = Release|Any CPU
	EndGlobalSection
	GlobalSection(SolutionProperties) = preSolution
		HideSolutionNode = FALSE
	EndGlobalSection
EndGlobal
